// !$*UTF8*$!
{
	archiveVersion = 1;
	classes = {
	};
	objectVersion = 50;
	objects = {

/* Begin PBXBuildFile section */
		394ED6E72257B5AC001875C3 /* AppDelegate.swift in Sources */ = {isa = PBXBuildFile; fileRef = 394ED6E62257B5AC001875C3 /* AppDelegate.swift */; };
		394ED6E92257B5AC001875C3 /* ViewController.swift in Sources */ = {isa = PBXBuildFile; fileRef = 394ED6E82257B5AC001875C3 /* ViewController.swift */; };
		394ED6EB2257B5AD001875C3 /* Assets.xcassets in Resources */ = {isa = PBXBuildFile; fileRef = 394ED6EA2257B5AD001875C3 /* Assets.xcassets */; };
		394ED6EE2257B5AD001875C3 /* Main.storyboard in Resources */ = {isa = PBXBuildFile; fileRef = 394ED6EC2257B5AD001875C3 /* Main.storyboard */; };
		394ED6F72257B5C2001875C3 /* LNInterpolation.framework in Frameworks */ = {isa = PBXBuildFile; fileRef = 394ED6F62257B5C2001875C3 /* LNInterpolation.framework */; };
		394ED6F82257B5C2001875C3 /* LNInterpolation.framework in Embed Frameworks */ = {isa = PBXBuildFile; fileRef = 394ED6F62257B5C2001875C3 /* LNInterpolation.framework */; settings = {ATTRIBUTES = (CodeSignOnCopy, RemoveHeadersOnCopy, ); }; };
/* End PBXBuildFile section */

/* Begin PBXCopyFilesBuildPhase section */
		394ED6F92257B5C2001875C3 /* Embed Frameworks */ = {
			isa = PBXCopyFilesBuildPhase;
			buildActionMask = 2147483647;
			dstPath = "";
			dstSubfolderSpec = 10;
			files = (
				394ED6F82257B5C2001875C3 /* LNInterpolation.framework in Embed Frameworks */,
			);
			name = "Embed Frameworks";
			runOnlyForDeploymentPostprocessing = 0;
		};
/* End PBXCopyFilesBuildPhase section */

/* Begin PBXFileReference section */
		394ED6E32257B5AC001875C3 /* LNInterpolationExample_macOS.app */ = {isa = PBXFileReference; explicitFileType = wrapper.application; includeInIndex = 0; path = LNInterpolationExample_macOS.app; sourceTree = BUILT_PRODUCTS_DIR; };
		394ED6E62257B5AC001875C3 /* AppDelegate.swift */ = {isa = PBXFileReference; lastKnownFileType = sourcecode.swift; path = AppDelegate.swift; sourceTree = "<group>"; };
		394ED6E82257B5AC001875C3 /* ViewController.swift */ = {isa = PBXFileReference; lastKnownFileType = sourcecode.swift; path = ViewController.swift; sourceTree = "<group>"; };
		394ED6EA2257B5AD001875C3 /* Assets.xcassets */ = {isa = PBXFileReference; lastKnownFileType = folder.assetcatalog; path = Assets.xcassets; sourceTree = "<group>"; };
		394ED6ED2257B5AD001875C3 /* Base */ = {isa = PBXFileReference; lastKnownFileType = file.storyboard; name = Base; path = Base.lproj/Main.storyboard; sourceTree = "<group>"; };
		394ED6EF2257B5AD001875C3 /* Info.plist */ = {isa = PBXFileReference; lastKnownFileType = text.plist.xml; path = Info.plist; sourceTree = "<group>"; };
		394ED6F02257B5AD001875C3 /* LNInterpolationExample_macOS.entitlements */ = {isa = PBXFileReference; lastKnownFileType = text.plist.entitlements; path = LNInterpolationExample_macOS.entitlements; sourceTree = "<group>"; };
		394ED6F62257B5C2001875C3 /* LNInterpolation.framework */ = {isa = PBXFileReference; explicitFileType = wrapper.framework; path = LNInterpolation.framework; sourceTree = BUILT_PRODUCTS_DIR; };
/* End PBXFileReference section */

/* Begin PBXFrameworksBuildPhase section */
		394ED6E02257B5AC001875C3 /* Frameworks */ = {
			isa = PBXFrameworksBuildPhase;
			buildActionMask = 2147483647;
			files = (
				394ED6F72257B5C2001875C3 /* LNInterpolation.framework in Frameworks */,
			);
			runOnlyForDeploymentPostprocessing = 0;
		};
/* End PBXFrameworksBuildPhase section */

/* Begin PBXGroup section */
		394ED6DA2257B5AC001875C3 = {
			isa = PBXGroup;
			children = (
				394ED6F62257B5C2001875C3 /* LNInterpolation.framework */,
				394ED6E52257B5AC001875C3 /* LNInterpolationExample_macOS */,
				394ED6E42257B5AC001875C3 /* Products */,
			);
			sourceTree = "<group>";
		};
		394ED6E42257B5AC001875C3 /* Products */ = {
			isa = PBXGroup;
			children = (
				394ED6E32257B5AC001875C3 /* LNInterpolationExample_macOS.app */,
			);
			name = Products;
			sourceTree = "<group>";
		};
		394ED6E52257B5AC001875C3 /* LNInterpolationExample_macOS */ = {
			isa = PBXGroup;
			children = (
				394ED6E62257B5AC001875C3 /* AppDelegate.swift */,
				394ED6E82257B5AC001875C3 /* ViewController.swift */,
				394ED6EA2257B5AD001875C3 /* Assets.xcassets */,
				394ED6EC2257B5AD001875C3 /* Main.storyboard */,
				394ED6EF2257B5AD001875C3 /* Info.plist */,
				394ED6F02257B5AD001875C3 /* LNInterpolationExample_macOS.entitlements */,
			);
			path = LNInterpolationExample_macOS;
			sourceTree = "<group>";
		};
/* End PBXGroup section */

/* Begin PBXNativeTarget section */
		394ED6E22257B5AC001875C3 /* LNInterpolationExample_macOS */ = {
			isa = PBXNativeTarget;
			buildConfigurationList = 394ED6F32257B5AD001875C3 /* Build configuration list for PBXNativeTarget "LNInterpolationExample_macOS" */;
			buildPhases = (
				394ED6DF2257B5AC001875C3 /* Sources */,
				394ED6E02257B5AC001875C3 /* Frameworks */,
				394ED6E12257B5AC001875C3 /* Resources */,
				394ED6F92257B5C2001875C3 /* Embed Frameworks */,
			);
			buildRules = (
			);
			dependencies = (
			);
			name = LNInterpolationExample_macOS;
			productName = LNInterpolationExample_macOS;
			productReference = 394ED6E32257B5AC001875C3 /* LNInterpolationExample_macOS.app */;
			productType = "com.apple.product-type.application";
		};
/* End PBXNativeTarget section */

/* Begin PBXProject section */
		394ED6DB2257B5AC001875C3 /* Project object */ = {
			isa = PBXProject;
			attributes = {
				LastSwiftUpdateCheck = 1020;
				LastUpgradeCheck = 1020;
				ORGANIZATIONNAME = "Leo Natan";
				TargetAttributes = {
					394ED6E22257B5AC001875C3 = {
						CreatedOnToolsVersion = 10.2;
					};
				};
			};
			buildConfigurationList = 394ED6DE2257B5AC001875C3 /* Build configuration list for PBXProject "LNInterpolationExample_macOS" */;
			compatibilityVersion = "Xcode 9.3";
			developmentRegion = en;
			hasScannedForEncodings = 0;
			knownRegions = (
				en,
				Base,
			);
			mainGroup = 394ED6DA2257B5AC001875C3;
			productRefGroup = 394ED6E42257B5AC001875C3 /* Products */;
			projectDirPath = "";
			projectRoot = "";
			targets = (
				394ED6E22257B5AC001875C3 /* LNInterpolationExample_macOS */,
			);
		};
/* End PBXProject section */

/* Begin PBXResourcesBuildPhase section */
		394ED6E12257B5AC001875C3 /* Resources */ = {
			isa = PBXResourcesBuildPhase;
			buildActionMask = 2147483647;
			files = (
				394ED6EB2257B5AD001875C3 /* Assets.xcassets in Resources */,
				394ED6EE2257B5AD001875C3 /* Main.storyboard in Resources */,
			);
			runOnlyForDeploymentPostprocessing = 0;
		};
/* End PBXResourcesBuildPhase section */

/* Begin PBXSourcesBuildPhase section */
		394ED6DF2257B5AC001875C3 /* Sources */ = {
			isa = PBXSourcesBuildPhase;
			buildActionMask = 2147483647;
			files = (
				394ED6E92257B5AC001875C3 /* ViewController.swift in Sources */,
				394ED6E72257B5AC001875C3 /* AppDelegate.swift in Sources */,
			);
			runOnlyForDeploymentPostprocessing = 0;
		};
/* End PBXSourcesBuildPhase section */

/* Begin PBXVariantGroup section */
		394ED6EC2257B5AD001875C3 /* Main.storyboard */ = {
			isa = PBXVariantGroup;
			children = (
				394ED6ED2257B5AD001875C3 /* Base */,
			);
			name = Main.storyboard;
			sourceTree = "<group>";
		};
/* End PBXVariantGroup section */

/* Begin XCBuildConfiguration section */
		394ED6F12257B5AD001875C3 /* Debug */ = {
			isa = XCBuildConfiguration;
			buildSettings = {
				ALWAYS_SEARCH_USER_PATHS = NO;
				CLANG_ANALYZER_NONNULL = YES;
				CLANG_ANALYZER_NUMBER_OBJECT_CONVERSION = YES_AGGRESSIVE;
				CLANG_CXX_LANGUAGE_STANDARD = "gnu++14";
				CLANG_CXX_LIBRARY = "libc++";
				CLANG_ENABLE_MODULES = YES;
				CLANG_ENABLE_OBJC_ARC = YES;
				CLANG_ENABLE_OBJC_WEAK = YES;
				CLANG_WARN_BLOCK_CAPTURE_AUTORELEASING = YES;
				CLANG_WARN_BOOL_CONVERSION = YES;
				CLANG_WARN_COMMA = YES;
				CLANG_WARN_CONSTANT_CONVERSION = YES;
				CLANG_WARN_DEPRECATED_OBJC_IMPLEMENTATIONS = YES;
				CLANG_WARN_DIRECT_OBJC_ISA_USAGE = YES_ERROR;
				CLANG_WARN_DOCUMENTATION_COMMENTS = YES;
				CLANG_WARN_EMPTY_BODY = YES;
				CLANG_WARN_ENUM_CONVERSION = YES;
				CLANG_WARN_INFINITE_RECURSION = YES;
				CLANG_WARN_INT_CONVERSION = YES;
				CLANG_WARN_NON_LITERAL_NULL_CONVERSION = YES;
				CLANG_WARN_OBJC_IMPLICIT_RETAIN_SELF = YES;
				CLANG_WARN_OBJC_LITERAL_CONVERSION = YES;
				CLANG_WARN_OBJC_ROOT_CLASS = YES_ERROR;
				CLANG_WARN_RANGE_LOOP_ANALYSIS = YES;
				CLANG_WARN_STRICT_PROTOTYPES = YES;
				CLANG_WARN_SUSPICIOUS_MOVE = YES;
				CLANG_WARN_UNGUARDED_AVAILABILITY = YES_AGGRESSIVE;
				CLANG_WARN_UNREACHABLE_CODE = YES;
				CLANG_WARN__DUPLICATE_METHOD_MATCH = YES;
				CODE_SIGN_IDENTITY = "-";
				COPY_PHASE_STRIP = NO;
				DEBUG_INFORMATION_FORMAT = dwarf;
				ENABLE_STRICT_OBJC_MSGSEND = YES;
				ENABLE_TESTABILITY = YES;
				GCC_C_LANGUAGE_STANDARD = gnu11;
				GCC_DYNAMIC_NO_PIC = NO;
				GCC_NO_COMMON_BLOCKS = YES;
				GCC_OPTIMIZATION_LEVEL = 0;
				GCC_PREPROCESSOR_DEFINITIONS = (
					"DEBUG=1",
					"$(inherited)",
				);
				GCC_WARN_64_TO_32_BIT_CONVERSION = YES;
				GCC_WARN_ABOUT_RETURN_TYPE = YES_ERROR;
				GCC_WARN_UNDECLARED_SELECTOR = YES;
				GCC_WARN_UNINITIALIZED_AUTOS = YES_AGGRESSIVE;
				GCC_WARN_UNUSED_FUNCTION = YES;
				GCC_WARN_UNUSED_VARIABLE = YES;
				MACOSX_DEPLOYMENT_TARGET = 10.14;
				MTL_ENABLE_DEBUG_INFO = INCLUDE_SOURCE;
				MTL_FAST_MATH = YES;
				ONLY_ACTIVE_ARCH = YES;
				SDKROOT = macosx;
				SWIFT_ACTIVE_COMPILATION_CONDITIONS = DEBUG;
				SWIFT_OPTIMIZATION_LEVEL = "-Onone";
			};
			name = Debug;
		};
		394ED6F22257B5AD001875C3 /* Release */ = {
			isa = XCBuildConfiguration;
			buildSettings = {
				ALWAYS_SEARCH_USER_PATHS = NO;
				CLANG_ANALYZER_NONNULL = YES;
				CLANG_ANALYZER_NUMBER_OBJECT_CONVERSION = YES_AGGRESSIVE;
				CLANG_CXX_LANGUAGE_STANDARD = "gnu++14";
				CLANG_CXX_LIBRARY = "libc++";
				CLANG_ENABLE_MODULES = YES;
				CLANG_ENABLE_OBJC_ARC = YES;
				CLANG_ENABLE_OBJC_WEAK = YES;
				CLANG_WARN_BLOCK_CAPTURE_AUTORELEASING = YES;
				CLANG_WARN_BOOL_CONVERSION = YES;
				CLANG_WARN_COMMA = YES;
				CLANG_WARN_CONSTANT_CONVERSION = YES;
				CLANG_WARN_DEPRECATED_OBJC_IMPLEMENTATIONS = YES;
				CLANG_WARN_DIRECT_OBJC_ISA_USAGE = YES_ERROR;
				CLANG_WARN_DOCUMENTATION_COMMENTS = YES;
				CLANG_WARN_EMPTY_BODY = YES;
				CLANG_WARN_ENUM_CONVERSION = YES;
				CLANG_WARN_INFINITE_RECURSION = YES;
				CLANG_WARN_INT_CONVERSION = YES;
				CLANG_WARN_NON_LITERAL_NULL_CONVERSION = YES;
				CLANG_WARN_OBJC_IMPLICIT_RETAIN_SELF = YES;
				CLANG_WARN_OBJC_LITERAL_CONVERSION = YES;
				CLANG_WARN_OBJC_ROOT_CLASS = YES_ERROR;
				CLANG_WARN_RANGE_LOOP_ANALYSIS = YES;
				CLANG_WARN_STRICT_PROTOTYPES = YES;
				CLANG_WARN_SUSPICIOUS_MOVE = YES;
				CLANG_WARN_UNGUARDED_AVAILABILITY = YES_AGGRESSIVE;
				CLANG_WARN_UNREACHABLE_CODE = YES;
				CLANG_WARN__DUPLICATE_METHOD_MATCH = YES;
				CODE_SIGN_IDENTITY = "-";
				COPY_PHASE_STRIP = NO;
				DEBUG_INFORMATION_FORMAT = "dwarf-with-dsym";
				ENABLE_NS_ASSERTIONS = NO;
				ENABLE_STRICT_OBJC_MSGSEND = YES;
				GCC_C_LANGUAGE_STANDARD = gnu11;
				GCC_NO_COMMON_BLOCKS = YES;
				GCC_WARN_64_TO_32_BIT_CONVERSION = YES;
				GCC_WARN_ABOUT_RETURN_TYPE = YES_ERROR;
				GCC_WARN_UNDECLARED_SELECTOR = YES;
				GCC_WARN_UNINITIALIZED_AUTOS = YES_AGGRESSIVE;
				GCC_WARN_UNUSED_FUNCTION = YES;
				GCC_WARN_UNUSED_VARIABLE = YES;
				MACOSX_DEPLOYMENT_TARGET = 10.14;
				MTL_ENABLE_DEBUG_INFO = NO;
				MTL_FAST_MATH = YES;
				SDKROOT = macosx;
				SWIFT_COMPILATION_MODE = wholemodule;
				SWIFT_OPTIMIZATION_LEVEL = "-O";
			};
			name = Release;
		};
		394ED6F42257B5AD001875C3 /* Debug */ = {
			isa = XCBuildConfiguration;
			buildSettings = {
				ASSETCATALOG_COMPILER_APPICON_NAME = AppIcon;
				CODE_SIGN_ENTITLEMENTS = LNInterpolationExample_macOS/LNInterpolationExample_macOS.entitlements;
				CODE_SIGN_STYLE = Automatic;
				COMBINE_HIDPI_IMAGES = YES;
				INFOPLIST_FILE = LNInterpolationExample_macOS/Info.plist;
				LD_RUNPATH_SEARCH_PATHS = (
					"$(inherited)",
					"@executable_path/../Frameworks",
				);
				MACOSX_DEPLOYMENT_TARGET = 10.13;
				PRODUCT_BUNDLE_IDENTIFIER = "com.leonatan.LNInterpolationExample-macOS";
				PRODUCT_NAME = "$(TARGET_NAME)";
				SWIFT_VERSION = 5.0;
			};
			name = Debug;
		};
		394ED6F52257B5AD001875C3 /* Release */ = {
			isa = XCBuildConfiguration;
			buildSettings = {
				ASSETCATALOG_COMPILER_APPICON_NAME = AppIcon;
				CODE_SIGN_ENTITLEMENTS = LNInterpolationExample_macOS/LNInterpolationExample_macOS.entitlements;
				CODE_SIGN_STYLE = Automatic;
				COMBINE_HIDPI_IMAGES = YES;
				INFOPLIST_FILE = LNInterpolationExample_macOS/Info.plist;
				LD_RUNPATH_SEARCH_PATHS = (
					"$(inherited)",
					"@executable_path/../Frameworks",
				);
				MACOSX_DEPLOYMENT_TARGET = 10.13;
				PRODUCT_BUNDLE_IDENTIFIER = "com.leonatan.LNInterpolationExample-macOS";
				PRODUCT_NAME = "$(TARGET_NAME)";
				SWIFT_VERSION = 5.0;
			};
			name = Release;
		};
/* End XCBuildConfiguration section */

/* Begin XCConfigurationList section */
		394ED6DE2257B5AC001875C3 /* Build configuration list for PBXProject "LNInterpolationExample_macOS" */ = {
			isa = XCConfigurationList;
			buildConfigurations = (
				394ED6F12257B5AD001875C3 /* Debug */,
				394ED6F22257B5AD001875C3 /* Release */,
			);
			defaultConfigurationIsVisible = 0;
			defaultConfigurationName = Release;
		};
		394ED6F32257B5AD001875C3 /* Build configuration list for PBXNativeTarget "LNInterpolationExample_macOS" */ = {
			isa = XCConfigurationList;
			buildConfigurations = (
				394ED6F42257B5AD001875C3 /* Debug */,
				394ED6F52257B5AD001875C3 /* Release */,
			);
			defaultConfigurationIsVisible = 0;
			defaultConfigurationName = Release;
		};
/* End XCConfigurationList section */
	};
	rootObject = 394ED6DB2257B5AC001875C3 /* Project object */;
}
